
Microsoft Visual Studio Solution File, Format Version 12.00
# Visual Studio Version 16
VisualStudioVersion = 16.0.30611.23
MinimumVisualStudioVersion = 10.0.40219.1
Project("{FAE04EC0-301F-11D3-BF4B-00C04F79EFBC}") = "AccesAut1", "AccesAut1\AccesAut1.csproj", "{FA8BA60F-8B55-4877-855C-50B7A83F24C1}"
EndProject
Global
	GlobalSection(SolutionConfigurationPlatforms) = preSolution
		Debug|Any CPU = Debug|Any CPU
		Release|Any CPU = Release|Any CPU
	EndGlobalSection
	GlobalSection(ProjectConfigurationPlatforms) = postSolution
		{FA8BA60F-8B55-4877-855C-50B7A83F24C1}.Debug|Any CPU.ActiveCfg = Debug|Any CPU
		{FA8BA60F-8B55-4877-855C-50B7A83F24C1}.Debug|Any CPU.Build.0 = Debug|Any CPU
		{FA8BA60F-8B55-4877-855C-50B7A83F24C1}.Release|Any CPU.ActiveCfg = Release|Any CPU
		{FA8BA60F-8B55-4877-855C-50B7A83F24C1}.Release|Any CPU.Build.0 = Release|Any CPU
	EndGlobalSection
	GlobalSection(SolutionProperties) = preSolution
		HideSolutionNode = FALSE
	EndGlobalSection
	GlobalSection(ExtensibilityGlobals) = postSolution
		SolutionGuid = {6F3DBCD9-9997-4956-9326-28C1A2CEC647}
	EndGlobalSection
EndGlobal
